// !$*UTF8*$!
{
	archiveVersion = 1;
	classes = {
	};
	objectVersion = 54;
	objects = {

/* Begin PBXBuildFile section */
		1801C6B121A04AD70066EC81 /* DateExtensions.swift in Sources */ = {isa = PBXBuildFile; fileRef = 1801C6B021A04AD70066EC81 /* DateExtensions.swift */; };
		1801C6B621A04CB10066EC81 /* PersonCollectionViewCell.swift in Sources */ = {isa = PBXBuildFile; fileRef = 1801C6B421A04CB10066EC81 /* PersonCollectionViewCell.swift */; };
		1801C6B721A04CB10066EC81 /* PersonCollectionViewCell.xib in Resources */ = {isa = PBXBuildFile; fileRef = 1801C6B521A04CB10066EC81 /* PersonCollectionViewCell.xib */; };
		1832E71D21A3B24E00746AF2 /* CodableExtensions.swift in Sources */ = {isa = PBXBuildFile; fileRef = 1832E71C21A3B24E00746AF2 /* CodableExtensions.swift */; };
		1832E71F21A3BBD200746AF2 /* StringExtensions.swift in Sources */ = {isa = PBXBuildFile; fileRef = 1832E71E21A3BBD200746AF2 /* StringExtensions.swift */; };
		1832E72221A3C49E00746AF2 /* ShowEventsInteractorTests.swift in Sources */ = {isa = PBXBuildFile; fileRef = 1832E72121A3C49E00746AF2 /* ShowEventsInteractorTests.swift */; };
		1832E72421A3DA4200746AF2 /* EmailMatchTest.swift in Sources */ = {isa = PBXBuildFile; fileRef = 1832E72321A3DA4200746AF2 /* EmailMatchTest.swift */; };
		1832E72621A3DBF000746AF2 /* ShowDetailsInteractorTests.swift in Sources */ = {isa = PBXBuildFile; fileRef = 1832E72521A3DBF000746AF2 /* ShowDetailsInteractorTests.swift */; };
		187E334B21A077A80010CCE1 /* User.swift in Sources */ = {isa = PBXBuildFile; fileRef = 187E334A21A077A80010CCE1 /* User.swift */; };
		187E334D21A083150010CCE1 /* UIViewControllerExtensions.swift in Sources */ = {isa = PBXBuildFile; fileRef = 187E334C21A083150010CCE1 /* UIViewControllerExtensions.swift */; };
		187E334F21A089BF0010CCE1 /* UserControllerFactory.swift in Sources */ = {isa = PBXBuildFile; fileRef = 187E334E21A089BF0010CCE1 /* UserControllerFactory.swift */; };
		187E335121A08FAB0010CCE1 /* SharingControllerFactory.swift in Sources */ = {isa = PBXBuildFile; fileRef = 187E335021A08FAB0010CCE1 /* SharingControllerFactory.swift */; };
		18A3256B2DFE275100430723 /* UserInputTexts.swift in Sources */ = {isa = PBXBuildFile; fileRef = 18A3256A2DFE275100430723 /* UserInputTexts.swift */; };
		18A3256D2DFE276400430723 /* UserAlertStrings.swift in Sources */ = {isa = PBXBuildFile; fileRef = 18A3256C2DFE276400430723 /* UserAlertStrings.swift */; };
		18A325702DFE2DF700430723 /* ShowDetailsShareData.swift in Sources */ = {isa = PBXBuildFile; fileRef = 18A3256F2DFE2DF700430723 /* ShowDetailsShareData.swift */; };
		18A325722DFE489D00430723 /* ShowEventsViewModel.swift in Sources */ = {isa = PBXBuildFile; fileRef = 18A325712DFE489D00430723 /* ShowEventsViewModel.swift */; };
		18A325742DFE6FBF00430723 /* ShowDetailsViewModel.swift in Sources */ = {isa = PBXBuildFile; fileRef = 18A325732DFE6FBF00430723 /* ShowDetailsViewModel.swift */; };
		18C7C1A52DFDA1C100E7AB61 /* EventAPIProtocolMock.swift in Sources */ = {isa = PBXBuildFile; fileRef = 18C7C1A42DFDA1C100E7AB61 /* EventAPIProtocolMock.swift */; };
		18C7C1A72DFDA2BA00E7AB61 /* ArrayExtensions.swift in Sources */ = {isa = PBXBuildFile; fileRef = 18C7C1A62DFDA2B700E7AB61 /* ArrayExtensions.swift */; };
		18C7C1A92DFDAB9F00E7AB61 /* ShowEventsPresentationLogicMock.swift in Sources */ = {isa = PBXBuildFile; fileRef = 18C7C1A82DFDAB9F00E7AB61 /* ShowEventsPresentationLogicMock.swift */; };
		18C7C1AB2DFDABC300E7AB61 /* SingleButtonAlertFixture.swift in Sources */ = {isa = PBXBuildFile; fileRef = 18C7C1AA2DFDABBE00E7AB61 /* SingleButtonAlertFixture.swift */; };
		18C7C1AD2DFDAE3A00E7AB61 /* EventListApiResponseMock.swift in Sources */ = {isa = PBXBuildFile; fileRef = 18C7C1AC2DFDAE3A00E7AB61 /* EventListApiResponseMock.swift */; };
		18C7C1B12DFDB0D700E7AB61 /* EventDetailApiResponseMock.swift in Sources */ = {isa = PBXBuildFile; fileRef = 18C7C1B02DFDB0D000E7AB61 /* EventDetailApiResponseMock.swift */; };
		18C7C1B52DFDB16500E7AB61 /* ShowDetailsPresentationLogicMock.swift in Sources */ = {isa = PBXBuildFile; fileRef = 18C7C1B42DFDB16500E7AB61 /* ShowDetailsPresentationLogicMock.swift */; };
		18C7C1B72DFDB27300E7AB61 /* DetailAPIProtocolMock.swift in Sources */ = {isa = PBXBuildFile; fileRef = 18C7C1B62DFDB27300E7AB61 /* DetailAPIProtocolMock.swift */; };
		18C7C1B92DFDB29500E7AB61 /* MockError.swift in Sources */ = {isa = PBXBuildFile; fileRef = 18C7C1B82DFDB29500E7AB61 /* MockError.swift */; };
		18C7C1BB2DFDB76500E7AB61 /* EquatableExtensions.swift in Sources */ = {isa = PBXBuildFile; fileRef = 18C7C1BA2DFDB76200E7AB61 /* EquatableExtensions.swift */; };
		18C7C1BF2DFDB9DC00E7AB61 /* EventFixture.swift in Sources */ = {isa = PBXBuildFile; fileRef = 18C7C1BE2DFDB9DC00E7AB61 /* EventFixture.swift */; };
		18C7C1C22DFDC26000E7AB61 /* AnyMessage.swift in Sources */ = {isa = PBXBuildFile; fileRef = 18C7C1C12DFDC25B00E7AB61 /* AnyMessage.swift */; };
		18C7C1C42DFDC26A00E7AB61 /* AnyEquatable.swift in Sources */ = {isa = PBXBuildFile; fileRef = 18C7C1C32DFDC26500E7AB61 /* AnyEquatable.swift */; };
		18C7C1C62DFDD73300E7AB61 /* ShowEventsEventService.swift in Sources */ = {isa = PBXBuildFile; fileRef = 18C7C1C52DFDD73300E7AB61 /* ShowEventsEventService.swift */; };
		18C7C1C82DFDDCCF00E7AB61 /* ShowDetailsService.swift in Sources */ = {isa = PBXBuildFile; fileRef = 18C7C1C72DFDDCCD00E7AB61 /* ShowDetailsService.swift */; };
		18C7C1CA2DFDE23400E7AB61 /* CheckIn.swift in Sources */ = {isa = PBXBuildFile; fileRef = 18C7C1C92DFDE23000E7AB61 /* CheckIn.swift */; };
		18C7C1CC2DFDED5B00E7AB61 /* ResultExtensions.swift in Sources */ = {isa = PBXBuildFile; fileRef = 18C7C1CB2DFDED5700E7AB61 /* ResultExtensions.swift */; };
		18D40270219F75B8002A3BC2 /* AppDelegate.swift in Sources */ = {isa = PBXBuildFile; fileRef = 18D4026F219F75B8002A3BC2 /* AppDelegate.swift */; };
		18D40277219F75BB002A3BC2 /* Assets.xcassets in Resources */ = {isa = PBXBuildFile; fileRef = 18D40276219F75BB002A3BC2 /* Assets.xcassets */; };
		18D4027A219F75BB002A3BC2 /* LaunchScreen.storyboard in Resources */ = {isa = PBXBuildFile; fileRef = 18D40278219F75BB002A3BC2 /* LaunchScreen.storyboard */; };
		18D402B2219F7ED5002A3BC2 /* ShowEventsRouter.swift in Sources */ = {isa = PBXBuildFile; fileRef = 18D402AC219F7ED5002A3BC2 /* ShowEventsRouter.swift */; };
		18D402B5219F7ED5002A3BC2 /* ShowEventsInteractor.swift in Sources */ = {isa = PBXBuildFile; fileRef = 18D402AF219F7ED5002A3BC2 /* ShowEventsInteractor.swift */; };
		18D402BF219F7F96002A3BC2 /* ShowDetailsRouter.swift in Sources */ = {isa = PBXBuildFile; fileRef = 18D402B9219F7F96002A3BC2 /* ShowDetailsRouter.swift */; };
		18D402C0219F7F96002A3BC2 /* ShowDetailsModels.swift in Sources */ = {isa = PBXBuildFile; fileRef = 18D402BA219F7F96002A3BC2 /* ShowDetailsModels.swift */; };
		18D402C1219F7F96002A3BC2 /* ShowDetailsViewController.swift in Sources */ = {isa = PBXBuildFile; fileRef = 18D402BB219F7F96002A3BC2 /* ShowDetailsViewController.swift */; };
		18D402C2219F7F96002A3BC2 /* ShowDetailsInteractor.swift in Sources */ = {isa = PBXBuildFile; fileRef = 18D402BC219F7F96002A3BC2 /* ShowDetailsInteractor.swift */; };
		18D402C5219F8E45002A3BC2 /* API.swift in Sources */ = {isa = PBXBuildFile; fileRef = 18D402C4219F8E45002A3BC2 /* API.swift */; };
		18D402C8219F9A72002A3BC2 /* Event.swift in Sources */ = {isa = PBXBuildFile; fileRef = 18D402C7219F9A72002A3BC2 /* Event.swift */; };
		18D402CA219FA6E8002A3BC2 /* Person.swift in Sources */ = {isa = PBXBuildFile; fileRef = 18D402C9219FA6E8002A3BC2 /* Person.swift */; };
		18D402CC219FA700002A3BC2 /* Cupom.swift in Sources */ = {isa = PBXBuildFile; fileRef = 18D402CB219FA700002A3BC2 /* Cupom.swift */; };
		18D402CE219FA89D002A3BC2 /* UIImageViewExtensions.swift in Sources */ = {isa = PBXBuildFile; fileRef = 18D402CD219FA89D002A3BC2 /* UIImageViewExtensions.swift */; };
		18D402D2219FB34B002A3BC2 /* ShowEventsConfigurator.swift in Sources */ = {isa = PBXBuildFile; fileRef = 18D402D1219FB34B002A3BC2 /* ShowEventsConfigurator.swift */; };
		18D402D9219FBB4A002A3BC2 /* ShowEventsViewController.xib in Resources */ = {isa = PBXBuildFile; fileRef = 18D402D7219FBB4A002A3BC2 /* ShowEventsViewController.xib */; };
		18D402DA219FBB4A002A3BC2 /* ShowEventsViewController.swift in Sources */ = {isa = PBXBuildFile; fileRef = 18D402D8219FBB4A002A3BC2 /* ShowEventsViewController.swift */; };
		18D402DC219FE12A002A3BC2 /* ShowEventsModels.swift in Sources */ = {isa = PBXBuildFile; fileRef = 18D402DB219FE12A002A3BC2 /* ShowEventsModels.swift */; };
		18D402DE219FE638002A3BC2 /* SingleButtonAlert.swift in Sources */ = {isa = PBXBuildFile; fileRef = 18D402DD219FE638002A3BC2 /* SingleButtonAlert.swift */; };
		18D402E0219FFFFA002A3BC2 /* ShowDetailsViewController.xib in Resources */ = {isa = PBXBuildFile; fileRef = 18D402DF219FFFFA002A3BC2 /* ShowDetailsViewController.xib */; };
		18D402E221A000D8002A3BC2 /* ShowDetailsConfigurator.swift in Sources */ = {isa = PBXBuildFile; fileRef = 18D402E121A000D8002A3BC2 /* ShowDetailsConfigurator.swift */; };
		18D402E521A01D90002A3BC2 /* EventTableViewCell.swift in Sources */ = {isa = PBXBuildFile; fileRef = 18D402E321A01D90002A3BC2 /* EventTableViewCell.swift */; };
		18D402E621A01D90002A3BC2 /* EventTableViewCell.xib in Resources */ = {isa = PBXBuildFile; fileRef = 18D402E421A01D90002A3BC2 /* EventTableViewCell.xib */; };
		18D402E921A02BD4002A3BC2 /* UIViewExtensions.swift in Sources */ = {isa = PBXBuildFile; fileRef = 18D402E821A02BD4002A3BC2 /* UIViewExtensions.swift */; };
		7AFCCB58F0B3DD4CCE5C72E8 /* Pods_VSEventsProject.framework in Frameworks */ = {isa = PBXBuildFile; fileRef = BCC0B7EF7FB9A96023F9A0CD /* Pods_VSEventsProject.framework */; };
		9EDB95B74FB13B6AC1AD5F61 /* Pods_VSEventsProjectTests.framework in Frameworks */ = {isa = PBXBuildFile; fileRef = 63243E7E1BCE3DADAF7585D2 /* Pods_VSEventsProjectTests.framework */; };
/* End PBXBuildFile section */

/* Begin PBXContainerItemProxy section */
		18D40281219F75BC002A3BC2 /* PBXContainerItemProxy */ = {
			isa = PBXContainerItemProxy;
			containerPortal = 18D40264219F75B8002A3BC2 /* Project object */;
			proxyType = 1;
			remoteGlobalIDString = 18D4026B219F75B8002A3BC2;
			remoteInfo = VSEventsProject;
		};
/* End PBXContainerItemProxy section */

/* Begin PBXFileReference section */
		00750778DDD6157823EE8C21 /* Pods-VSEventsProject.debug.xcconfig */ = {isa = PBXFileReference; includeInIndex = 1; lastKnownFileType = text.xcconfig; name = "Pods-VSEventsProject.debug.xcconfig"; path = "Target Support Files/Pods-VSEventsProject/Pods-VSEventsProject.debug.xcconfig"; sourceTree = "<group>"; };
		0F554918A8C926FEE112E8E7 /* Pods-VSEventsProject.release.xcconfig */ = {isa = PBXFileReference; includeInIndex = 1; lastKnownFileType = text.xcconfig; name = "Pods-VSEventsProject.release.xcconfig"; path = "Target Support Files/Pods-VSEventsProject/Pods-VSEventsProject.release.xcconfig"; sourceTree = "<group>"; };
		1801C6B021A04AD70066EC81 /* DateExtensions.swift */ = {isa = PBXFileReference; lastKnownFileType = sourcecode.swift; path = DateExtensions.swift; sourceTree = "<group>"; };
		1801C6B421A04CB10066EC81 /* PersonCollectionViewCell.swift */ = {isa = PBXFileReference; lastKnownFileType = sourcecode.swift; path = PersonCollectionViewCell.swift; sourceTree = "<group>"; };
		1801C6B521A04CB10066EC81 /* PersonCollectionViewCell.xib */ = {isa = PBXFileReference; lastKnownFileType = file.xib; path = PersonCollectionViewCell.xib; sourceTree = "<group>"; };
		1832E71C21A3B24E00746AF2 /* CodableExtensions.swift */ = {isa = PBXFileReference; lastKnownFileType = sourcecode.swift; path = CodableExtensions.swift; sourceTree = "<group>"; };
		1832E71E21A3BBD200746AF2 /* StringExtensions.swift */ = {isa = PBXFileReference; lastKnownFileType = sourcecode.swift; path = StringExtensions.swift; sourceTree = "<group>"; };
		1832E72121A3C49E00746AF2 /* ShowEventsInteractorTests.swift */ = {isa = PBXFileReference; lastKnownFileType = sourcecode.swift; path = ShowEventsInteractorTests.swift; sourceTree = "<group>"; };
		1832E72321A3DA4200746AF2 /* EmailMatchTest.swift */ = {isa = PBXFileReference; lastKnownFileType = sourcecode.swift; path = EmailMatchTest.swift; sourceTree = "<group>"; };
		1832E72521A3DBF000746AF2 /* ShowDetailsInteractorTests.swift */ = {isa = PBXFileReference; lastKnownFileType = sourcecode.swift; path = ShowDetailsInteractorTests.swift; sourceTree = "<group>"; };
		187E334A21A077A80010CCE1 /* User.swift */ = {isa = PBXFileReference; lastKnownFileType = sourcecode.swift; path = User.swift; sourceTree = "<group>"; };
		187E334C21A083150010CCE1 /* UIViewControllerExtensions.swift */ = {isa = PBXFileReference; lastKnownFileType = sourcecode.swift; path = UIViewControllerExtensions.swift; sourceTree = "<group>"; };
		187E334E21A089BF0010CCE1 /* UserControllerFactory.swift */ = {isa = PBXFileReference; lastKnownFileType = sourcecode.swift; path = UserControllerFactory.swift; sourceTree = "<group>"; };
		187E335021A08FAB0010CCE1 /* SharingControllerFactory.swift */ = {isa = PBXFileReference; lastKnownFileType = sourcecode.swift; path = SharingControllerFactory.swift; sourceTree = "<group>"; };
		18A3256A2DFE275100430723 /* UserInputTexts.swift */ = {isa = PBXFileReference; lastKnownFileType = sourcecode.swift; path = UserInputTexts.swift; sourceTree = "<group>"; };
		18A3256C2DFE276400430723 /* UserAlertStrings.swift */ = {isa = PBXFileReference; lastKnownFileType = sourcecode.swift; path = UserAlertStrings.swift; sourceTree = "<group>"; };
		18A3256F2DFE2DF700430723 /* ShowDetailsShareData.swift */ = {isa = PBXFileReference; lastKnownFileType = sourcecode.swift; path = ShowDetailsShareData.swift; sourceTree = "<group>"; };
		18A325712DFE489D00430723 /* ShowEventsViewModel.swift */ = {isa = PBXFileReference; lastKnownFileType = sourcecode.swift; path = ShowEventsViewModel.swift; sourceTree = "<group>"; };
		18A325732DFE6FBF00430723 /* ShowDetailsViewModel.swift */ = {isa = PBXFileReference; lastKnownFileType = sourcecode.swift; path = ShowDetailsViewModel.swift; sourceTree = "<group>"; };
		18C7C1A42DFDA1C100E7AB61 /* EventAPIProtocolMock.swift */ = {isa = PBXFileReference; lastKnownFileType = sourcecode.swift; path = EventAPIProtocolMock.swift; sourceTree = "<group>"; };
		18C7C1A62DFDA2B700E7AB61 /* ArrayExtensions.swift */ = {isa = PBXFileReference; lastKnownFileType = sourcecode.swift; path = ArrayExtensions.swift; sourceTree = "<group>"; };
		18C7C1A82DFDAB9F00E7AB61 /* ShowEventsPresentationLogicMock.swift */ = {isa = PBXFileReference; lastKnownFileType = sourcecode.swift; path = ShowEventsPresentationLogicMock.swift; sourceTree = "<group>"; };
		18C7C1AA2DFDABBE00E7AB61 /* SingleButtonAlertFixture.swift */ = {isa = PBXFileReference; lastKnownFileType = sourcecode.swift; path = SingleButtonAlertFixture.swift; sourceTree = "<group>"; };
		18C7C1AC2DFDAE3A00E7AB61 /* EventListApiResponseMock.swift */ = {isa = PBXFileReference; lastKnownFileType = sourcecode.swift; path = EventListApiResponseMock.swift; sourceTree = "<group>"; };
		18C7C1B02DFDB0D000E7AB61 /* EventDetailApiResponseMock.swift */ = {isa = PBXFileReference; lastKnownFileType = sourcecode.swift; path = EventDetailApiResponseMock.swift; sourceTree = "<group>"; };
		18C7C1B42DFDB16500E7AB61 /* ShowDetailsPresentationLogicMock.swift */ = {isa = PBXFileReference; lastKnownFileType = sourcecode.swift; path = ShowDetailsPresentationLogicMock.swift; sourceTree = "<group>"; };
		18C7C1B62DFDB27300E7AB61 /* DetailAPIProtocolMock.swift */ = {isa = PBXFileReference; lastKnownFileType = sourcecode.swift; path = DetailAPIProtocolMock.swift; sourceTree = "<group>"; };
		18C7C1B82DFDB29500E7AB61 /* MockError.swift */ = {isa = PBXFileReference; lastKnownFileType = sourcecode.swift; path = MockError.swift; sourceTree = "<group>"; };
		18C7C1BA2DFDB76200E7AB61 /* EquatableExtensions.swift */ = {isa = PBXFileReference; lastKnownFileType = sourcecode.swift; path = EquatableExtensions.swift; sourceTree = "<group>"; };
		18C7C1BE2DFDB9DC00E7AB61 /* EventFixture.swift */ = {isa = PBXFileReference; lastKnownFileType = sourcecode.swift; path = EventFixture.swift; sourceTree = "<group>"; };
		18C7C1C12DFDC25B00E7AB61 /* AnyMessage.swift */ = {isa = PBXFileReference; lastKnownFileType = sourcecode.swift; path = AnyMessage.swift; sourceTree = "<group>"; };
		18C7C1C32DFDC26500E7AB61 /* AnyEquatable.swift */ = {isa = PBXFileReference; lastKnownFileType = sourcecode.swift; path = AnyEquatable.swift; sourceTree = "<group>"; };
		18C7C1C52DFDD73300E7AB61 /* ShowEventsEventService.swift */ = {isa = PBXFileReference; lastKnownFileType = sourcecode.swift; path = ShowEventsEventService.swift; sourceTree = "<group>"; };
		18C7C1C72DFDDCCD00E7AB61 /* ShowDetailsService.swift */ = {isa = PBXFileReference; lastKnownFileType = sourcecode.swift; path = ShowDetailsService.swift; sourceTree = "<group>"; };
		18C7C1C92DFDE23000E7AB61 /* CheckIn.swift */ = {isa = PBXFileReference; lastKnownFileType = sourcecode.swift; path = CheckIn.swift; sourceTree = "<group>"; };
		18C7C1CB2DFDED5700E7AB61 /* ResultExtensions.swift */ = {isa = PBXFileReference; lastKnownFileType = sourcecode.swift; path = ResultExtensions.swift; sourceTree = "<group>"; };
		18D4026C219F75B8002A3BC2 /* VSEventsProject.app */ = {isa = PBXFileReference; explicitFileType = wrapper.application; includeInIndex = 0; path = VSEventsProject.app; sourceTree = BUILT_PRODUCTS_DIR; };
		18D4026F219F75B8002A3BC2 /* AppDelegate.swift */ = {isa = PBXFileReference; lastKnownFileType = sourcecode.swift; path = AppDelegate.swift; sourceTree = "<group>"; };
		18D40276219F75BB002A3BC2 /* Assets.xcassets */ = {isa = PBXFileReference; lastKnownFileType = folder.assetcatalog; path = Assets.xcassets; sourceTree = "<group>"; };
		18D40279219F75BB002A3BC2 /* Base */ = {isa = PBXFileReference; lastKnownFileType = file.storyboard; name = Base; path = Base.lproj/LaunchScreen.storyboard; sourceTree = "<group>"; };
		18D4027B219F75BB002A3BC2 /* Info.plist */ = {isa = PBXFileReference; lastKnownFileType = text.plist.xml; path = Info.plist; sourceTree = "<group>"; };
		18D40280219F75BC002A3BC2 /* VSEventsProjectTests.xctest */ = {isa = PBXFileReference; explicitFileType = wrapper.cfbundle; includeInIndex = 0; path = VSEventsProjectTests.xctest; sourceTree = BUILT_PRODUCTS_DIR; };
		18D40286219F75BC002A3BC2 /* Info.plist */ = {isa = PBXFileReference; lastKnownFileType = text.plist.xml; path = Info.plist; sourceTree = "<group>"; };
		18D402AC219F7ED5002A3BC2 /* ShowEventsRouter.swift */ = {isa = PBXFileReference; lastKnownFileType = sourcecode.swift; path = ShowEventsRouter.swift; sourceTree = "<group>"; };
		18D402AF219F7ED5002A3BC2 /* ShowEventsInteractor.swift */ = {isa = PBXFileReference; lastKnownFileType = sourcecode.swift; path = ShowEventsInteractor.swift; sourceTree = "<group>"; };
		18D402B9219F7F96002A3BC2 /* ShowDetailsRouter.swift */ = {isa = PBXFileReference; lastKnownFileType = sourcecode.swift; path = ShowDetailsRouter.swift; sourceTree = "<group>"; };
		18D402BA219F7F96002A3BC2 /* ShowDetailsModels.swift */ = {isa = PBXFileReference; lastKnownFileType = sourcecode.swift; path = ShowDetailsModels.swift; sourceTree = "<group>"; };
		18D402BB219F7F96002A3BC2 /* ShowDetailsViewController.swift */ = {isa = PBXFileReference; lastKnownFileType = sourcecode.swift; path = ShowDetailsViewController.swift; sourceTree = "<group>"; };
		18D402BC219F7F96002A3BC2 /* ShowDetailsInteractor.swift */ = {isa = PBXFileReference; lastKnownFileType = sourcecode.swift; path = ShowDetailsInteractor.swift; sourceTree = "<group>"; };
		18D402C4219F8E45002A3BC2 /* API.swift */ = {isa = PBXFileReference; lastKnownFileType = sourcecode.swift; path = API.swift; sourceTree = "<group>"; };
		18D402C7219F9A72002A3BC2 /* Event.swift */ = {isa = PBXFileReference; lastKnownFileType = sourcecode.swift; path = Event.swift; sourceTree = "<group>"; };
		18D402C9219FA6E8002A3BC2 /* Person.swift */ = {isa = PBXFileReference; lastKnownFileType = sourcecode.swift; path = Person.swift; sourceTree = "<group>"; };
		18D402CB219FA700002A3BC2 /* Cupom.swift */ = {isa = PBXFileReference; lastKnownFileType = sourcecode.swift; path = Cupom.swift; sourceTree = "<group>"; };
		18D402CD219FA89D002A3BC2 /* UIImageViewExtensions.swift */ = {isa = PBXFileReference; lastKnownFileType = sourcecode.swift; path = UIImageViewExtensions.swift; sourceTree = "<group>"; };
		18D402D1219FB34B002A3BC2 /* ShowEventsConfigurator.swift */ = {isa = PBXFileReference; lastKnownFileType = sourcecode.swift; path = ShowEventsConfigurator.swift; sourceTree = "<group>"; };
		18D402D7219FBB4A002A3BC2 /* ShowEventsViewController.xib */ = {isa = PBXFileReference; fileEncoding = 4; lastKnownFileType = file.xib; path = ShowEventsViewController.xib; sourceTree = "<group>"; };
		18D402D8219FBB4A002A3BC2 /* ShowEventsViewController.swift */ = {isa = PBXFileReference; fileEncoding = 4; lastKnownFileType = sourcecode.swift; path = ShowEventsViewController.swift; sourceTree = "<group>"; };
		18D402DB219FE12A002A3BC2 /* ShowEventsModels.swift */ = {isa = PBXFileReference; lastKnownFileType = sourcecode.swift; path = ShowEventsModels.swift; sourceTree = "<group>"; };
		18D402DD219FE638002A3BC2 /* SingleButtonAlert.swift */ = {isa = PBXFileReference; lastKnownFileType = sourcecode.swift; path = SingleButtonAlert.swift; sourceTree = "<group>"; };
		18D402DF219FFFFA002A3BC2 /* ShowDetailsViewController.xib */ = {isa = PBXFileReference; lastKnownFileType = file.xib; path = ShowDetailsViewController.xib; sourceTree = "<group>"; };
		18D402E121A000D8002A3BC2 /* ShowDetailsConfigurator.swift */ = {isa = PBXFileReference; lastKnownFileType = sourcecode.swift; path = ShowDetailsConfigurator.swift; sourceTree = "<group>"; };
		18D402E321A01D90002A3BC2 /* EventTableViewCell.swift */ = {isa = PBXFileReference; lastKnownFileType = sourcecode.swift; path = EventTableViewCell.swift; sourceTree = "<group>"; };
		18D402E421A01D90002A3BC2 /* EventTableViewCell.xib */ = {isa = PBXFileReference; lastKnownFileType = file.xib; path = EventTableViewCell.xib; sourceTree = "<group>"; };
		18D402E821A02BD4002A3BC2 /* UIViewExtensions.swift */ = {isa = PBXFileReference; lastKnownFileType = sourcecode.swift; path = UIViewExtensions.swift; sourceTree = "<group>"; };
		2FB437FFF4C253CA159A836D /* Pods-VSEventsProjectTests.debug.xcconfig */ = {isa = PBXFileReference; includeInIndex = 1; lastKnownFileType = text.xcconfig; name = "Pods-VSEventsProjectTests.debug.xcconfig"; path = "Target Support Files/Pods-VSEventsProjectTests/Pods-VSEventsProjectTests.debug.xcconfig"; sourceTree = "<group>"; };
		34F6B1467EF6847260AEC357 /* Pods-VSEventsProjectTests.release.xcconfig */ = {isa = PBXFileReference; includeInIndex = 1; lastKnownFileType = text.xcconfig; name = "Pods-VSEventsProjectTests.release.xcconfig"; path = "Target Support Files/Pods-VSEventsProjectTests/Pods-VSEventsProjectTests.release.xcconfig"; sourceTree = "<group>"; };
		63243E7E1BCE3DADAF7585D2 /* Pods_VSEventsProjectTests.framework */ = {isa = PBXFileReference; explicitFileType = wrapper.framework; includeInIndex = 0; path = Pods_VSEventsProjectTests.framework; sourceTree = BUILT_PRODUCTS_DIR; };
		BCC0B7EF7FB9A96023F9A0CD /* Pods_VSEventsProject.framework */ = {isa = PBXFileReference; explicitFileType = wrapper.framework; includeInIndex = 0; path = Pods_VSEventsProject.framework; sourceTree = BUILT_PRODUCTS_DIR; };
/* End PBXFileReference section */

/* Begin PBXFrameworksBuildPhase section */
		18D40269219F75B8002A3BC2 /* Frameworks */ = {
			isa = PBXFrameworksBuildPhase;
			buildActionMask = 2147483647;
			files = (
				7AFCCB58F0B3DD4CCE5C72E8 /* Pods_VSEventsProject.framework in Frameworks */,
			);
			runOnlyForDeploymentPostprocessing = 0;
		};
		18D4027D219F75BC002A3BC2 /* Frameworks */ = {
			isa = PBXFrameworksBuildPhase;
			buildActionMask = 2147483647;
			files = (
				9EDB95B74FB13B6AC1AD5F61 /* Pods_VSEventsProjectTests.framework in Frameworks */,
			);
			runOnlyForDeploymentPostprocessing = 0;
		};
/* End PBXFrameworksBuildPhase section */

/* Begin PBXGroup section */
		1801C6B221A04C700066EC81 /* View */ = {
			isa = PBXGroup;
			children = (
				18D402D7219FBB4A002A3BC2 /* ShowEventsViewController.xib */,
				18D402D8219FBB4A002A3BC2 /* ShowEventsViewController.swift */,
				18D402E421A01D90002A3BC2 /* EventTableViewCell.xib */,
				18D402E321A01D90002A3BC2 /* EventTableViewCell.swift */,
			);
			path = View;
			sourceTree = "<group>";
		};
		1801C6B321A04C870066EC81 /* View */ = {
			isa = PBXGroup;
			children = (
				18D402DF219FFFFA002A3BC2 /* ShowDetailsViewController.xib */,
				18D402BB219F7F96002A3BC2 /* ShowDetailsViewController.swift */,
				1801C6B521A04CB10066EC81 /* PersonCollectionViewCell.xib */,
				1801C6B421A04CB10066EC81 /* PersonCollectionViewCell.swift */,
			);
			path = View;
			sourceTree = "<group>";
		};
		18A325692DFE274900430723 /* UserController */ = {
			isa = PBXGroup;
			children = (
				187E334E21A089BF0010CCE1 /* UserControllerFactory.swift */,
				18A3256C2DFE276400430723 /* UserAlertStrings.swift */,
				18A3256A2DFE275100430723 /* UserInputTexts.swift */,
			);
			path = UserController;
			sourceTree = "<group>";
		};
		18A3256E2DFE29DA00430723 /* SharingController */ = {
			isa = PBXGroup;
			children = (
				187E335021A08FAB0010CCE1 /* SharingControllerFactory.swift */,
				18A3256F2DFE2DF700430723 /* ShowDetailsShareData.swift */,
			);
			path = SharingController;
			sourceTree = "<group>";
		};
		18C7C1A32DFDA1B900E7AB61 /* Doubles */ = {
			isa = PBXGroup;
			children = (
				18C7C1AC2DFDAE3A00E7AB61 /* EventListApiResponseMock.swift */,
				18C7C1B82DFDB29500E7AB61 /* MockError.swift */,
				18C7C1B02DFDB0D000E7AB61 /* EventDetailApiResponseMock.swift */,
				18C7C1BE2DFDB9DC00E7AB61 /* EventFixture.swift */,
				18C7C1AA2DFDABBE00E7AB61 /* SingleButtonAlertFixture.swift */,
			);
			path = Doubles;
			sourceTree = "<group>";
		};
		18C7C1AE2DFDB08400E7AB61 /* ShowEventsInteractor */ = {
			isa = PBXGroup;
			children = (
				18C7C1AF2DFDB09100E7AB61 /* Doubles */,
				1832E72121A3C49E00746AF2 /* ShowEventsInteractorTests.swift */,
			);
			path = ShowEventsInteractor;
			sourceTree = "<group>";
		};
		18C7C1AF2DFDB09100E7AB61 /* Doubles */ = {
			isa = PBXGroup;
			children = (
				18C7C1A42DFDA1C100E7AB61 /* EventAPIProtocolMock.swift */,
				18C7C1A82DFDAB9F00E7AB61 /* ShowEventsPresentationLogicMock.swift */,
			);
			path = Doubles;
			sourceTree = "<group>";
		};
		18C7C1B22DFDB12F00E7AB61 /* ShowDetailsInteractor */ = {
			isa = PBXGroup;
			children = (
				18C7C1B32DFDB13600E7AB61 /* Doubles */,
				1832E72521A3DBF000746AF2 /* ShowDetailsInteractorTests.swift */,
			);
			path = ShowDetailsInteractor;
			sourceTree = "<group>";
		};
		18C7C1B32DFDB13600E7AB61 /* Doubles */ = {
			isa = PBXGroup;
			children = (
				18C7C1B42DFDB16500E7AB61 /* ShowDetailsPresentationLogicMock.swift */,
				18C7C1B62DFDB27300E7AB61 /* DetailAPIProtocolMock.swift */,
			);
			path = Doubles;
			sourceTree = "<group>";
		};
		18C7C1C02DFDC24B00E7AB61 /* Helper */ = {
			isa = PBXGroup;
			children = (
				18C7C1C12DFDC25B00E7AB61 /* AnyMessage.swift */,
				18C7C1C32DFDC26500E7AB61 /* AnyEquatable.swift */,
			);
			path = Helper;
			sourceTree = "<group>";
		};
		18D40263219F75B8002A3BC2 = {
			isa = PBXGroup;
			children = (
				18D4026E219F75B8002A3BC2 /* VSEventsProject */,
				18D40283219F75BC002A3BC2 /* VSEventsProjectTests */,
				18D4026D219F75B8002A3BC2 /* Products */,
				C370C92192345C7660344EC7 /* Pods */,
				395638D5BA78C243ECF2BA3D /* Frameworks */,
			);
			sourceTree = "<group>";
		};
		18D4026D219F75B8002A3BC2 /* Products */ = {
			isa = PBXGroup;
			children = (
				18D4026C219F75B8002A3BC2 /* VSEventsProject.app */,
				18D40280219F75BC002A3BC2 /* VSEventsProjectTests.xctest */,
			);
			name = Products;
			sourceTree = "<group>";
		};
		18D4026E219F75B8002A3BC2 /* VSEventsProject */ = {
			isa = PBXGroup;
			children = (
				18D402E721A02BC3002A3BC2 /* Extension */,
				18D402C6219F9A60002A3BC2 /* Models */,
				18D402C3219F8E2C002A3BC2 /* Services */,
				18A325692DFE274900430723 /* UserController */,
				18A3256E2DFE29DA00430723 /* SharingController */,
				18D402B6219F7F76002A3BC2 /* DetailsScene */,
				18D4029D219F7E73002A3BC2 /* EventsScene */,
				18D4028F219F7BF6002A3BC2 /* SupportFiles */,
			);
			path = VSEventsProject;
			sourceTree = "<group>";
		};
		18D40283219F75BC002A3BC2 /* VSEventsProjectTests */ = {
			isa = PBXGroup;
			children = (
				18D40286219F75BC002A3BC2 /* Info.plist */,
				1832E72321A3DA4200746AF2 /* EmailMatchTest.swift */,
				18C7C1C02DFDC24B00E7AB61 /* Helper */,
				18C7C1A32DFDA1B900E7AB61 /* Doubles */,
				18C7C1AE2DFDB08400E7AB61 /* ShowEventsInteractor */,
				18C7C1B22DFDB12F00E7AB61 /* ShowDetailsInteractor */,
			);
			path = VSEventsProjectTests;
			sourceTree = "<group>";
		};
		18D4028F219F7BF6002A3BC2 /* SupportFiles */ = {
			isa = PBXGroup;
			children = (
				18D4026F219F75B8002A3BC2 /* AppDelegate.swift */,
				18D40276219F75BB002A3BC2 /* Assets.xcassets */,
				18D40278219F75BB002A3BC2 /* LaunchScreen.storyboard */,
				18D4027B219F75BB002A3BC2 /* Info.plist */,
			);
			name = SupportFiles;
			sourceTree = "<group>";
		};
		18D4029D219F7E73002A3BC2 /* EventsScene */ = {
			isa = PBXGroup;
			children = (
				1801C6B221A04C700066EC81 /* View */,
				18D402D1219FB34B002A3BC2 /* ShowEventsConfigurator.swift */,
				18D402DB219FE12A002A3BC2 /* ShowEventsModels.swift */,
				18C7C1C52DFDD73300E7AB61 /* ShowEventsEventService.swift */,
				18A325712DFE489D00430723 /* ShowEventsViewModel.swift */,
				18D402AF219F7ED5002A3BC2 /* ShowEventsInteractor.swift */,
				18D402AC219F7ED5002A3BC2 /* ShowEventsRouter.swift */,
			);
			path = EventsScene;
			sourceTree = "<group>";
		};
		18D402B6219F7F76002A3BC2 /* DetailsScene */ = {
			isa = PBXGroup;
			children = (
				1801C6B321A04C870066EC81 /* View */,
				18D402E121A000D8002A3BC2 /* ShowDetailsConfigurator.swift */,
				18D402BA219F7F96002A3BC2 /* ShowDetailsModels.swift */,
				18A325732DFE6FBF00430723 /* ShowDetailsViewModel.swift */,
				18D402BC219F7F96002A3BC2 /* ShowDetailsInteractor.swift */,
				18C7C1C72DFDDCCD00E7AB61 /* ShowDetailsService.swift */,
				18D402B9219F7F96002A3BC2 /* ShowDetailsRouter.swift */,
			);
			path = DetailsScene;
			sourceTree = "<group>";
		};
		18D402C3219F8E2C002A3BC2 /* Services */ = {
			isa = PBXGroup;
			children = (
				18D402C4219F8E45002A3BC2 /* API.swift */,
			);
			path = Services;
			sourceTree = "<group>";
		};
		18D402C6219F9A60002A3BC2 /* Models */ = {
			isa = PBXGroup;
			children = (
				18D402C7219F9A72002A3BC2 /* Event.swift */,
				18C7C1C92DFDE23000E7AB61 /* CheckIn.swift */,
				18D402C9219FA6E8002A3BC2 /* Person.swift */,
				18D402CB219FA700002A3BC2 /* Cupom.swift */,
				18D402DD219FE638002A3BC2 /* SingleButtonAlert.swift */,
				187E334A21A077A80010CCE1 /* User.swift */,
			);
			path = Models;
			sourceTree = "<group>";
		};
		18D402E721A02BC3002A3BC2 /* Extension */ = {
			isa = PBXGroup;
			children = (
				1832E71C21A3B24E00746AF2 /* CodableExtensions.swift */,
				18C7C1A62DFDA2B700E7AB61 /* ArrayExtensions.swift */,
				1801C6B021A04AD70066EC81 /* DateExtensions.swift */,
				1832E71E21A3BBD200746AF2 /* StringExtensions.swift */,
				18C7C1CB2DFDED5700E7AB61 /* ResultExtensions.swift */,
				18D402CD219FA89D002A3BC2 /* UIImageViewExtensions.swift */,
				18D402E821A02BD4002A3BC2 /* UIViewExtensions.swift */,
				187E334C21A083150010CCE1 /* UIViewControllerExtensions.swift */,
				18C7C1BA2DFDB76200E7AB61 /* EquatableExtensions.swift */,
			);
			path = Extension;
			sourceTree = "<group>";
		};
		395638D5BA78C243ECF2BA3D /* Frameworks */ = {
			isa = PBXGroup;
			children = (
				BCC0B7EF7FB9A96023F9A0CD /* Pods_VSEventsProject.framework */,
				63243E7E1BCE3DADAF7585D2 /* Pods_VSEventsProjectTests.framework */,
			);
			name = Frameworks;
			sourceTree = "<group>";
		};
		C370C92192345C7660344EC7 /* Pods */ = {
			isa = PBXGroup;
			children = (
				00750778DDD6157823EE8C21 /* Pods-VSEventsProject.debug.xcconfig */,
				0F554918A8C926FEE112E8E7 /* Pods-VSEventsProject.release.xcconfig */,
				2FB437FFF4C253CA159A836D /* Pods-VSEventsProjectTests.debug.xcconfig */,
				34F6B1467EF6847260AEC357 /* Pods-VSEventsProjectTests.release.xcconfig */,
			);
			path = Pods;
			sourceTree = "<group>";
		};
/* End PBXGroup section */

/* Begin PBXNativeTarget section */
		18D4026B219F75B8002A3BC2 /* VSEventsProject */ = {
			isa = PBXNativeTarget;
			buildConfigurationList = 18D40289219F75BC002A3BC2 /* Build configuration list for PBXNativeTarget "VSEventsProject" */;
			buildPhases = (
				E66A94B455249280DBECECD4 /* [CP] Check Pods Manifest.lock */,
				18D40268219F75B8002A3BC2 /* Sources */,
				18D40269219F75B8002A3BC2 /* Frameworks */,
				18D4026A219F75B8002A3BC2 /* Resources */,
				718DA1FA139326EBCEBC3E40 /* [CP] Embed Pods Frameworks */,
			);
			buildRules = (
			);
			dependencies = (
			);
			name = VSEventsProject;
			productName = VSEventsProject;
			productReference = 18D4026C219F75B8002A3BC2 /* VSEventsProject.app */;
			productType = "com.apple.product-type.application";
		};
		18D4027F219F75BC002A3BC2 /* VSEventsProjectTests */ = {
			isa = PBXNativeTarget;
			buildConfigurationList = 18D4028C219F75BC002A3BC2 /* Build configuration list for PBXNativeTarget "VSEventsProjectTests" */;
			buildPhases = (
				C22A0AB9CB91A7CC217664C0 /* [CP] Check Pods Manifest.lock */,
				18D4027C219F75BC002A3BC2 /* Sources */,
				18D4027D219F75BC002A3BC2 /* Frameworks */,
				18D4027E219F75BC002A3BC2 /* Resources */,
				3F0D75B5DF80F5FB0CF23D1D /* [CP] Embed Pods Frameworks */,
			);
			buildRules = (
			);
			dependencies = (
				18D40282219F75BC002A3BC2 /* PBXTargetDependency */,
			);
			name = VSEventsProjectTests;
			productName = VSEventsProjectTests;
			productReference = 18D40280219F75BC002A3BC2 /* VSEventsProjectTests.xctest */;
			productType = "com.apple.product-type.bundle.unit-test";
		};
/* End PBXNativeTarget section */

/* Begin PBXProject section */
		18D40264219F75B8002A3BC2 /* Project object */ = {
			isa = PBXProject;
			attributes = {
				LastSwiftUpdateCheck = 1010;
				LastUpgradeCheck = 1010;
				ORGANIZATIONNAME = "Virgilius Santos";
				TargetAttributes = {
					18D4026B219F75B8002A3BC2 = {
						CreatedOnToolsVersion = 10.1;
					};
					18D4027F219F75BC002A3BC2 = {
						CreatedOnToolsVersion = 10.1;
						TestTargetID = 18D4026B219F75B8002A3BC2;
					};
				};
			};
			buildConfigurationList = 18D40267219F75B8002A3BC2 /* Build configuration list for PBXProject "VSEventsProject" */;
			compatibilityVersion = "Xcode 9.3";
			developmentRegion = en;
			hasScannedForEncodings = 0;
			knownRegions = (
				en,
				Base,
			);
			mainGroup = 18D40263219F75B8002A3BC2;
			productRefGroup = 18D4026D219F75B8002A3BC2 /* Products */;
			projectDirPath = "";
			projectRoot = "";
			targets = (
				18D4026B219F75B8002A3BC2 /* VSEventsProject */,
				18D4027F219F75BC002A3BC2 /* VSEventsProjectTests */,
			);
		};
/* End PBXProject section */

/* Begin PBXResourcesBuildPhase section */
		18D4026A219F75B8002A3BC2 /* Resources */ = {
			isa = PBXResourcesBuildPhase;
			buildActionMask = 2147483647;
			files = (
				18D402E621A01D90002A3BC2 /* EventTableViewCell.xib in Resources */,
				1801C6B721A04CB10066EC81 /* PersonCollectionViewCell.xib in Resources */,
				18D402E0219FFFFA002A3BC2 /* ShowDetailsViewController.xib in Resources */,
				18D4027A219F75BB002A3BC2 /* LaunchScreen.storyboard in Resources */,
				18D402D9219FBB4A002A3BC2 /* ShowEventsViewController.xib in Resources */,
				18D40277219F75BB002A3BC2 /* Assets.xcassets in Resources */,
			);
			runOnlyForDeploymentPostprocessing = 0;
		};
		18D4027E219F75BC002A3BC2 /* Resources */ = {
			isa = PBXResourcesBuildPhase;
			buildActionMask = 2147483647;
			files = (
			);
			runOnlyForDeploymentPostprocessing = 0;
		};
/* End PBXResourcesBuildPhase section */

/* Begin PBXShellScriptBuildPhase section */
		3F0D75B5DF80F5FB0CF23D1D /* [CP] Embed Pods Frameworks */ = {
			isa = PBXShellScriptBuildPhase;
			buildActionMask = 2147483647;
			files = (
			);
			inputFileListPaths = (
				"${PODS_ROOT}/Target Support Files/Pods-VSEventsProjectTests/Pods-VSEventsProjectTests-frameworks-${CONFIGURATION}-input-files.xcfilelist",
			);
			inputPaths = (
			);
			name = "[CP] Embed Pods Frameworks";
			outputFileListPaths = (
				"${PODS_ROOT}/Target Support Files/Pods-VSEventsProjectTests/Pods-VSEventsProjectTests-frameworks-${CONFIGURATION}-output-files.xcfilelist",
			);
			outputPaths = (
			);
			runOnlyForDeploymentPostprocessing = 0;
			shellPath = /bin/sh;
			shellScript = "\"${PODS_ROOT}/Target Support Files/Pods-VSEventsProjectTests/Pods-VSEventsProjectTests-frameworks.sh\"\n";
			showEnvVarsInLog = 0;
		};
		718DA1FA139326EBCEBC3E40 /* [CP] Embed Pods Frameworks */ = {
			isa = PBXShellScriptBuildPhase;
			buildActionMask = 2147483647;
			files = (
			);
			inputFileListPaths = (
				"${PODS_ROOT}/Target Support Files/Pods-VSEventsProject/Pods-VSEventsProject-frameworks-${CONFIGURATION}-input-files.xcfilelist",
			);
			inputPaths = (
			);
			name = "[CP] Embed Pods Frameworks";
			outputFileListPaths = (
				"${PODS_ROOT}/Target Support Files/Pods-VSEventsProject/Pods-VSEventsProject-frameworks-${CONFIGURATION}-output-files.xcfilelist",
			);
			outputPaths = (
			);
			runOnlyForDeploymentPostprocessing = 0;
			shellPath = /bin/sh;
			shellScript = "\"${PODS_ROOT}/Target Support Files/Pods-VSEventsProject/Pods-VSEventsProject-frameworks.sh\"\n";
			showEnvVarsInLog = 0;
		};
		C22A0AB9CB91A7CC217664C0 /* [CP] Check Pods Manifest.lock */ = {
			isa = PBXShellScriptBuildPhase;
			buildActionMask = 2147483647;
			files = (
			);
			inputFileListPaths = (
			);
			inputPaths = (
				"${PODS_PODFILE_DIR_PATH}/Podfile.lock",
				"${PODS_ROOT}/Manifest.lock",
			);
			name = "[CP] Check Pods Manifest.lock";
			outputFileListPaths = (
			);
			outputPaths = (
				"$(DERIVED_FILE_DIR)/Pods-VSEventsProjectTests-checkManifestLockResult.txt",
			);
			runOnlyForDeploymentPostprocessing = 0;
			shellPath = /bin/sh;
			shellScript = "diff \"${PODS_PODFILE_DIR_PATH}/Podfile.lock\" \"${PODS_ROOT}/Manifest.lock\" > /dev/null\nif [ $? != 0 ] ; then\n    # print error to STDERR\n    echo \"error: The sandbox is not in sync with the Podfile.lock. Run 'pod install' or update your CocoaPods installation.\" >&2\n    exit 1\nfi\n# This output is used by Xcode 'outputs' to avoid re-running this script phase.\necho \"SUCCESS\" > \"${SCRIPT_OUTPUT_FILE_0}\"\n";
			showEnvVarsInLog = 0;
		};
		E66A94B455249280DBECECD4 /* [CP] Check Pods Manifest.lock */ = {
			isa = PBXShellScriptBuildPhase;
			buildActionMask = 2147483647;
			files = (
			);
			inputFileListPaths = (
			);
			inputPaths = (
				"${PODS_PODFILE_DIR_PATH}/Podfile.lock",
				"${PODS_ROOT}/Manifest.lock",
			);
			name = "[CP] Check Pods Manifest.lock";
			outputFileListPaths = (
			);
			outputPaths = (
				"$(DERIVED_FILE_DIR)/Pods-VSEventsProject-checkManifestLockResult.txt",
			);
			runOnlyForDeploymentPostprocessing = 0;
			shellPath = /bin/sh;
			shellScript = "diff \"${PODS_PODFILE_DIR_PATH}/Podfile.lock\" \"${PODS_ROOT}/Manifest.lock\" > /dev/null\nif [ $? != 0 ] ; then\n    # print error to STDERR\n    echo \"error: The sandbox is not in sync with the Podfile.lock. Run 'pod install' or update your CocoaPods installation.\" >&2\n    exit 1\nfi\n# This output is used by Xcode 'outputs' to avoid re-running this script phase.\necho \"SUCCESS\" > \"${SCRIPT_OUTPUT_FILE_0}\"\n";
			showEnvVarsInLog = 0;
		};
/* End PBXShellScriptBuildPhase section */

/* Begin PBXSourcesBuildPhase section */
		18D40268219F75B8002A3BC2 /* Sources */ = {
			isa = PBXSourcesBuildPhase;
			buildActionMask = 2147483647;
			files = (
				1832E71F21A3BBD200746AF2 /* StringExtensions.swift in Sources */,
				18A325702DFE2DF700430723 /* ShowDetailsShareData.swift in Sources */,
				18C7C1A72DFDA2BA00E7AB61 /* ArrayExtensions.swift in Sources */,
				18D402B2219F7ED5002A3BC2 /* ShowEventsRouter.swift in Sources */,
				18D402C5219F8E45002A3BC2 /* API.swift in Sources */,
				18D402CC219FA700002A3BC2 /* Cupom.swift in Sources */,
				18C7C1C62DFDD73300E7AB61 /* ShowEventsEventService.swift in Sources */,
				1801C6B621A04CB10066EC81 /* PersonCollectionViewCell.swift in Sources */,
				187E334D21A083150010CCE1 /* UIViewControllerExtensions.swift in Sources */,
				18D402CE219FA89D002A3BC2 /* UIImageViewExtensions.swift in Sources */,
				18D402BF219F7F96002A3BC2 /* ShowDetailsRouter.swift in Sources */,
				18D402E221A000D8002A3BC2 /* ShowDetailsConfigurator.swift in Sources */,
				18D402C8219F9A72002A3BC2 /* Event.swift in Sources */,
				18C7C1C82DFDDCCF00E7AB61 /* ShowDetailsService.swift in Sources */,
				18D402E521A01D90002A3BC2 /* EventTableViewCell.swift in Sources */,
				18D402DA219FBB4A002A3BC2 /* ShowEventsViewController.swift in Sources */,
				18A3256D2DFE276400430723 /* UserAlertStrings.swift in Sources */,
				18D402E921A02BD4002A3BC2 /* UIViewExtensions.swift in Sources */,
				18D402D2219FB34B002A3BC2 /* ShowEventsConfigurator.swift in Sources */,
				18D402C1219F7F96002A3BC2 /* ShowDetailsViewController.swift in Sources */,
				18C7C1CA2DFDE23400E7AB61 /* CheckIn.swift in Sources */,
				18A325742DFE6FBF00430723 /* ShowDetailsViewModel.swift in Sources */,
				18D402DE219FE638002A3BC2 /* SingleButtonAlert.swift in Sources */,
				18D402C0219F7F96002A3BC2 /* ShowDetailsModels.swift in Sources */,
				1832E71D21A3B24E00746AF2 /* CodableExtensions.swift in Sources */,
				187E334F21A089BF0010CCE1 /* UserControllerFactory.swift in Sources */,
				18D40270219F75B8002A3BC2 /* AppDelegate.swift in Sources */,
				18A325722DFE489D00430723 /* ShowEventsViewModel.swift in Sources */,
				18C7C1BB2DFDB76500E7AB61 /* EquatableExtensions.swift in Sources */,
				18D402DC219FE12A002A3BC2 /* ShowEventsModels.swift in Sources */,
				18D402B5219F7ED5002A3BC2 /* ShowEventsInteractor.swift in Sources */,
				187E334B21A077A80010CCE1 /* User.swift in Sources */,
				18A3256B2DFE275100430723 /* UserInputTexts.swift in Sources */,
				1801C6B121A04AD70066EC81 /* DateExtensions.swift in Sources */,
				18D402CA219FA6E8002A3BC2 /* Person.swift in Sources */,
				18D402C2219F7F96002A3BC2 /* ShowDetailsInteractor.swift in Sources */,
				187E335121A08FAB0010CCE1 /* SharingControllerFactory.swift in Sources */,
				18C7C1CC2DFDED5B00E7AB61 /* ResultExtensions.swift in Sources */,
			);
			runOnlyForDeploymentPostprocessing = 0;
		};
		18D4027C219F75BC002A3BC2 /* Sources */ = {
			isa = PBXSourcesBuildPhase;
			buildActionMask = 2147483647;
			files = (
				18C7C1B92DFDB29500E7AB61 /* MockError.swift in Sources */,
				1832E72621A3DBF000746AF2 /* ShowDetailsInteractorTests.swift in Sources */,
				18C7C1B52DFDB16500E7AB61 /* ShowDetailsPresentationLogicMock.swift in Sources */,
				1832E72421A3DA4200746AF2 /* EmailMatchTest.swift in Sources */,
				18C7C1AD2DFDAE3A00E7AB61 /* EventListApiResponseMock.swift in Sources */,
				18C7C1A92DFDAB9F00E7AB61 /* ShowEventsPresentationLogicMock.swift in Sources */,
				18C7C1A52DFDA1C100E7AB61 /* EventAPIProtocolMock.swift in Sources */,
				18C7C1AB2DFDABC300E7AB61 /* SingleButtonAlertFixture.swift in Sources */,
				18C7C1B72DFDB27300E7AB61 /* DetailAPIProtocolMock.swift in Sources */,
				18C7C1B12DFDB0D700E7AB61 /* EventDetailApiResponseMock.swift in Sources */,
				18C7C1C22DFDC26000E7AB61 /* AnyMessage.swift in Sources */,
				18C7C1BF2DFDB9DC00E7AB61 /* EventFixture.swift in Sources */,
				1832E72221A3C49E00746AF2 /* ShowEventsInteractorTests.swift in Sources */,
				18C7C1C42DFDC26A00E7AB61 /* AnyEquatable.swift in Sources */,
			);
			runOnlyForDeploymentPostprocessing = 0;
		};
/* End PBXSourcesBuildPhase section */

/* Begin PBXTargetDependency section */
		18D40282219F75BC002A3BC2 /* PBXTargetDependency */ = {
			isa = PBXTargetDependency;
			target = 18D4026B219F75B8002A3BC2 /* VSEventsProject */;
			targetProxy = 18D40281219F75BC002A3BC2 /* PBXContainerItemProxy */;
		};
/* End PBXTargetDependency section */

/* Begin PBXVariantGroup section */
		18D40278219F75BB002A3BC2 /* LaunchScreen.storyboard */ = {
			isa = PBXVariantGroup;
			children = (
				18D40279219F75BB002A3BC2 /* Base */,
			);
			name = LaunchScreen.storyboard;
			sourceTree = "<group>";
		};
/* End PBXVariantGroup section */

/* Begin XCBuildConfiguration section */
		18D40287219F75BC002A3BC2 /* Debug */ = {
			isa = XCBuildConfiguration;
			buildSettings = {
				ALWAYS_SEARCH_USER_PATHS = NO;
				CLANG_ANALYZER_NONNULL = YES;
				CLANG_ANALYZER_NUMBER_OBJECT_CONVERSION = YES_AGGRESSIVE;
				CLANG_CXX_LANGUAGE_STANDARD = "gnu++14";
				CLANG_CXX_LIBRARY = "libc++";
				CLANG_ENABLE_MODULES = YES;
				CLANG_ENABLE_OBJC_ARC = YES;
				CLANG_ENABLE_OBJC_WEAK = YES;
				CLANG_WARN_BLOCK_CAPTURE_AUTORELEASING = YES;
				CLANG_WARN_BOOL_CONVERSION = YES;
				CLANG_WARN_COMMA = YES;
				CLANG_WARN_CONSTANT_CONVERSION = YES;
				CLANG_WARN_DEPRECATED_OBJC_IMPLEMENTATIONS = YES;
				CLANG_WARN_DIRECT_OBJC_ISA_USAGE = YES_ERROR;
				CLANG_WARN_DOCUMENTATION_COMMENTS = YES;
				CLANG_WARN_EMPTY_BODY = YES;
				CLANG_WARN_ENUM_CONVERSION = YES;
				CLANG_WARN_INFINITE_RECURSION = YES;
				CLANG_WARN_INT_CONVERSION = YES;
				CLANG_WARN_NON_LITERAL_NULL_CONVERSION = YES;
				CLANG_WARN_OBJC_IMPLICIT_RETAIN_SELF = YES;
				CLANG_WARN_OBJC_LITERAL_CONVERSION = YES;
				CLANG_WARN_OBJC_ROOT_CLASS = YES_ERROR;
				CLANG_WARN_RANGE_LOOP_ANALYSIS = YES;
				CLANG_WARN_STRICT_PROTOTYPES = YES;
				CLANG_WARN_SUSPICIOUS_MOVE = YES;
				CLANG_WARN_UNGUARDED_AVAILABILITY = YES_AGGRESSIVE;
				CLANG_WARN_UNREACHABLE_CODE = YES;
				CLANG_WARN__DUPLICATE_METHOD_MATCH = YES;
				CODE_SIGN_IDENTITY = "iPhone Developer";
				COPY_PHASE_STRIP = NO;
				DEBUG_INFORMATION_FORMAT = dwarf;
				ENABLE_STRICT_OBJC_MSGSEND = YES;
				ENABLE_TESTABILITY = YES;
				GCC_C_LANGUAGE_STANDARD = gnu11;
				GCC_DYNAMIC_NO_PIC = NO;
				GCC_NO_COMMON_BLOCKS = YES;
				GCC_OPTIMIZATION_LEVEL = 0;
				GCC_PREPROCESSOR_DEFINITIONS = (
					"DEBUG=1",
					"$(inherited)",
				);
				GCC_WARN_64_TO_32_BIT_CONVERSION = YES;
				GCC_WARN_ABOUT_RETURN_TYPE = YES_ERROR;
				GCC_WARN_UNDECLARED_SELECTOR = YES;
				GCC_WARN_UNINITIALIZED_AUTOS = YES_AGGRESSIVE;
				GCC_WARN_UNUSED_FUNCTION = YES;
				GCC_WARN_UNUSED_VARIABLE = YES;
				IPHONEOS_DEPLOYMENT_TARGET = 12.1;
				MTL_ENABLE_DEBUG_INFO = INCLUDE_SOURCE;
				MTL_FAST_MATH = YES;
				ONLY_ACTIVE_ARCH = YES;
				SDKROOT = iphoneos;
				SWIFT_ACTIVE_COMPILATION_CONDITIONS = DEBUG;
				SWIFT_OPTIMIZATION_LEVEL = "-Onone";
				SWIFT_VERSION = 4.2;
			};
			name = Debug;
		};
		18D40288219F75BC002A3BC2 /* Release */ = {
			isa = XCBuildConfiguration;
			buildSettings = {
				ALWAYS_SEARCH_USER_PATHS = NO;
				CLANG_ANALYZER_NONNULL = YES;
				CLANG_ANALYZER_NUMBER_OBJECT_CONVERSION = YES_AGGRESSIVE;
				CLANG_CXX_LANGUAGE_STANDARD = "gnu++14";
				CLANG_CXX_LIBRARY = "libc++";
				CLANG_ENABLE_MODULES = YES;
				CLANG_ENABLE_OBJC_ARC = YES;
				CLANG_ENABLE_OBJC_WEAK = YES;
				CLANG_WARN_BLOCK_CAPTURE_AUTORELEASING = YES;
				CLANG_WARN_BOOL_CONVERSION = YES;
				CLANG_WARN_COMMA = YES;
				CLANG_WARN_CONSTANT_CONVERSION = YES;
				CLANG_WARN_DEPRECATED_OBJC_IMPLEMENTATIONS = YES;
				CLANG_WARN_DIRECT_OBJC_ISA_USAGE = YES_ERROR;
				CLANG_WARN_DOCUMENTATION_COMMENTS = YES;
				CLANG_WARN_EMPTY_BODY = YES;
				CLANG_WARN_ENUM_CONVERSION = YES;
				CLANG_WARN_INFINITE_RECURSION = YES;
				CLANG_WARN_INT_CONVERSION = YES;
				CLANG_WARN_NON_LITERAL_NULL_CONVERSION = YES;
				CLANG_WARN_OBJC_IMPLICIT_RETAIN_SELF = YES;
				CLANG_WARN_OBJC_LITERAL_CONVERSION = YES;
				CLANG_WARN_OBJC_ROOT_CLASS = YES_ERROR;
				CLANG_WARN_RANGE_LOOP_ANALYSIS = YES;
				CLANG_WARN_STRICT_PROTOTYPES = YES;
				CLANG_WARN_SUSPICIOUS_MOVE = YES;
				CLANG_WARN_UNGUARDED_AVAILABILITY = YES_AGGRESSIVE;
				CLANG_WARN_UNREACHABLE_CODE = YES;
				CLANG_WARN__DUPLICATE_METHOD_MATCH = YES;
				CODE_SIGN_IDENTITY = "iPhone Developer";
				COPY_PHASE_STRIP = NO;
				DEBUG_INFORMATION_FORMAT = "dwarf-with-dsym";
				ENABLE_NS_ASSERTIONS = NO;
				ENABLE_STRICT_OBJC_MSGSEND = YES;
				GCC_C_LANGUAGE_STANDARD = gnu11;
				GCC_NO_COMMON_BLOCKS = YES;
				GCC_WARN_64_TO_32_BIT_CONVERSION = YES;
				GCC_WARN_ABOUT_RETURN_TYPE = YES_ERROR;
				GCC_WARN_UNDECLARED_SELECTOR = YES;
				GCC_WARN_UNINITIALIZED_AUTOS = YES_AGGRESSIVE;
				GCC_WARN_UNUSED_FUNCTION = YES;
				GCC_WARN_UNUSED_VARIABLE = YES;
				IPHONEOS_DEPLOYMENT_TARGET = 12.1;
				MTL_ENABLE_DEBUG_INFO = NO;
				MTL_FAST_MATH = YES;
				SDKROOT = iphoneos;
				SWIFT_COMPILATION_MODE = wholemodule;
				SWIFT_OPTIMIZATION_LEVEL = "-O";
				SWIFT_VERSION = 4.2;
				VALIDATE_PRODUCT = YES;
			};
			name = Release;
		};
		18D4028A219F75BC002A3BC2 /* Debug */ = {
			isa = XCBuildConfiguration;
			baseConfigurationReference = 00750778DDD6157823EE8C21 /* Pods-VSEventsProject.debug.xcconfig */;
			buildSettings = {
				ASSETCATALOG_COMPILER_APPICON_NAME = AppIcon;
				CODE_SIGN_STYLE = Automatic;
				DEVELOPMENT_TEAM = KR99UBUHUT;
				INFOPLIST_FILE = VSEventsProject/Info.plist;
				LD_RUNPATH_SEARCH_PATHS = (
					"$(inherited)",
					"@executable_path/Frameworks",
				);
				PRODUCT_BUNDLE_IDENTIFIER = com.versus.VSEventsProject.v2;
				PRODUCT_NAME = "$(TARGET_NAME)";
				SWIFT_VERSION = 4.2;
				TARGETED_DEVICE_FAMILY = "1,2";
			};
			name = Debug;
		};
		18D4028B219F75BC002A3BC2 /* Release */ = {
			isa = XCBuildConfiguration;
			baseConfigurationReference = 0F554918A8C926FEE112E8E7 /* Pods-VSEventsProject.release.xcconfig */;
			buildSettings = {
				ASSETCATALOG_COMPILER_APPICON_NAME = AppIcon;
				CODE_SIGN_STYLE = Automatic;
				DEVELOPMENT_TEAM = KR99UBUHUT;
				INFOPLIST_FILE = VSEventsProject/Info.plist;
				LD_RUNPATH_SEARCH_PATHS = (
					"$(inherited)",
					"@executable_path/Frameworks",
				);
				PRODUCT_BUNDLE_IDENTIFIER = com.versus.VSEventsProject.v2;
				PRODUCT_NAME = "$(TARGET_NAME)";
				SWIFT_VERSION = 4.2;
				TARGETED_DEVICE_FAMILY = "1,2";
			};
			name = Release;
		};
		18D4028D219F75BC002A3BC2 /* Debug */ = {
			isa = XCBuildConfiguration;
			baseConfigurationReference = 2FB437FFF4C253CA159A836D /* Pods-VSEventsProjectTests.debug.xcconfig */;
			buildSettings = {
				BUNDLE_LOADER = "$(TEST_HOST)";
				CODE_SIGN_STYLE = Automatic;
				DEVELOPMENT_TEAM = KR99UBUHUT;
				INFOPLIST_FILE = VSEventsProjectTests/Info.plist;
				LD_RUNPATH_SEARCH_PATHS = (
					"$(inherited)",
					"@executable_path/Frameworks",
					"@loader_path/Frameworks",
				);
				PRODUCT_BUNDLE_IDENTIFIER = com.organization.VSEventsProjectTests;
				PRODUCT_NAME = "$(TARGET_NAME)";
				SWIFT_VERSION = 4.2;
				TARGETED_DEVICE_FAMILY = "1,2";
				TEST_HOST = "$(BUILT_PRODUCTS_DIR)/VSEventsProject.app/VSEventsProject";
			};
			name = Debug;
		};
		18D4028E219F75BC002A3BC2 /* Release */ = {
			isa = XCBuildConfiguration;
			baseConfigurationReference = 34F6B1467EF6847260AEC357 /* Pods-VSEventsProjectTests.release.xcconfig */;
			buildSettings = {
				BUNDLE_LOADER = "$(TEST_HOST)";
				CODE_SIGN_STYLE = Automatic;
				DEVELOPMENT_TEAM = KR99UBUHUT;
				INFOPLIST_FILE = VSEventsProjectTests/Info.plist;
				LD_RUNPATH_SEARCH_PATHS = (
					"$(inherited)",
					"@executable_path/Frameworks",
					"@loader_path/Frameworks",
				);
				PRODUCT_BUNDLE_IDENTIFIER = com.organization.VSEventsProjectTests;
				PRODUCT_NAME = "$(TARGET_NAME)";
				SWIFT_VERSION = 4.2;
				TARGETED_DEVICE_FAMILY = "1,2";
				TEST_HOST = "$(BUILT_PRODUCTS_DIR)/VSEventsProject.app/VSEventsProject";
			};
			name = Release;
		};
/* End XCBuildConfiguration section */

/* Begin XCConfigurationList section */
		18D40267219F75B8002A3BC2 /* Build configuration list for PBXProject "VSEventsProject" */ = {
			isa = XCConfigurationList;
			buildConfigurations = (
				18D40287219F75BC002A3BC2 /* Debug */,
				18D40288219F75BC002A3BC2 /* Release */,
			);
			defaultConfigurationIsVisible = 0;
			defaultConfigurationName = Release;
		};
		18D40289219F75BC002A3BC2 /* Build configuration list for PBXNativeTarget "VSEventsProject" */ = {
			isa = XCConfigurationList;
			buildConfigurations = (
				18D4028A219F75BC002A3BC2 /* Debug */,
				18D4028B219F75BC002A3BC2 /* Release */,
			);
			defaultConfigurationIsVisible = 0;
			defaultConfigurationName = Release;
		};
		18D4028C219F75BC002A3BC2 /* Build configuration list for PBXNativeTarget "VSEventsProjectTests" */ = {
			isa = XCConfigurationList;
			buildConfigurations = (
				18D4028D219F75BC002A3BC2 /* Debug */,
				18D4028E219F75BC002A3BC2 /* Release */,
			);
			defaultConfigurationIsVisible = 0;
			defaultConfigurationName = Release;
		};
/* End XCConfigurationList section */
	};
	rootObject = 18D40264219F75B8002A3BC2 /* Project object */;
}
